
Microsoft Visual Studio Solution File, Format Version 12.00
# Visual Studio Version 16
VisualStudioVersion = 16.0.29613.14
MinimumVisualStudioVersion = 10.0.40219.1
Project("{FAE04EC0-301F-11D3-BF4B-00C04F79EFBC}") = "NetCoreConfiguration", "NetCoreConfiguration.csproj", "{391CE1CB-A6CC-42F6-ADB7-2BE79C9F5600}"
EndProject
Global
	GlobalSection(SolutionConfigurationPlatforms) = preSolution
		Debug|Any CPU = Debug|Any CPU
		Release|Any CPU = Release|Any CPU
	EndGlobalSection
	GlobalSection(ProjectConfigurationPlatforms) = postSolution
		{391CE1CB-A6CC-42F6-ADB7-2BE79C9F5600}.Debug|Any CPU.ActiveCfg = Debug|Any CPU
		{391CE1CB-A6CC-42F6-ADB7-2BE79C9F5600}.Debug|Any CPU.Build.0 = Debug|Any CPU
		{391CE1CB-A6CC-42F6-ADB7-2BE79C9F5600}.Release|Any CPU.ActiveCfg = Release|Any CPU
		{391CE1CB-A6CC-42F6-ADB7-2BE79C9F5600}.Release|Any CPU.Build.0 = Release|Any CPU
	EndGlobalSection
	GlobalSection(SolutionProperties) = preSolution
		HideSolutionNode = FALSE
	EndGlobalSection
	GlobalSection(ExtensibilityGlobals) = postSolution
		SolutionGuid = {F5D610DA-C108-4D4C-964C-4C054DCB9013}
	EndGlobalSection
EndGlobal
